
Microsoft Visual Studio Solution File, Format Version 12.00
# Visual Studio Version 17
VisualStudioVersion = 17.0.32014.148
MinimumVisualStudioVersion = 10.0.40219.1
Project("{2150E333-8FDC-42A3-9474-1A3956D46DE8}") = "FrontEnd", "FrontEnd", "{CE11143C-5238-47ED-8E15-AA1A1020C44A}"
EndProject
Project("{9A19103F-16F7-4668-BE54-9A1E7A4F7556}") = "Restaurant.Web", "Restaurant.Web\Restaurant.Web.csproj", "{E243B44B-7BA5-40DD-9F5E-F88A3AF91F41}"
EndProject
Project("{2150E333-8FDC-42A3-9474-1A3956D46DE8}") = "Services", "Services", "{2C30C8A2-9A6C-4F4B-B09A-E0BDEA972F5E}"
EndProject
Project("{9A19103F-16F7-4668-BE54-9A1E7A4F7556}") = "Restaurant.Services.ProductApi", "Restaurant.Services.ProductApi\Restaurant.Services.ProductApi.csproj", "{834E768E-4846-46D1-974A-25E6543D502F}"
EndProject
Project("{9A19103F-16F7-4668-BE54-9A1E7A4F7556}") = "Restaurant.Services.Identity", "Restaurant.Services.Identity\Restaurant.Services.Identity.csproj", "{A4D55278-7BB3-41E6-9178-5396C2466456}"
EndProject
Project("{9A19103F-16F7-4668-BE54-9A1E7A4F7556}") = "Restaurant.Services.ShoppingCartApi", "Restaurant.Services.ShoppingCartApi\Restaurant.Services.ShoppingCartApi.csproj", "{497A7185-78B4-4087-A76C-541400CFB3F9}"
EndProject
Project("{2150E333-8FDC-42A3-9474-1A3956D46DE8}") = "Solution Items", "Solution Items", "{9D68BE0C-1C80-42EE-B56E-2F56F884F8D7}"
	ProjectSection(SolutionItems) = preProject
		.editorconfig = .editorconfig
	EndProjectSection
EndProject
Project("{FAE04EC0-301F-11D3-BF4B-00C04F79EFBC}") = "Restaurant.Services.CouponApi", "Restaurant.Services.CouponApi\Restaurant.Services.CouponApi.csproj", "{613AC5A9-EC7D-479F-8778-81509F63EDF7}"
EndProject
Global
	GlobalSection(SolutionConfigurationPlatforms) = preSolution
		Debug|Any CPU = Debug|Any CPU
		Release|Any CPU = Release|Any CPU
	EndGlobalSection
	GlobalSection(ProjectConfigurationPlatforms) = postSolution
		{E243B44B-7BA5-40DD-9F5E-F88A3AF91F41}.Debug|Any CPU.ActiveCfg = Debug|Any CPU
		{E243B44B-7BA5-40DD-9F5E-F88A3AF91F41}.Debug|Any CPU.Build.0 = Debug|Any CPU
		{E243B44B-7BA5-40DD-9F5E-F88A3AF91F41}.Release|Any CPU.ActiveCfg = Release|Any CPU
		{E243B44B-7BA5-40DD-9F5E-F88A3AF91F41}.Release|Any CPU.Build.0 = Release|Any CPU
		{834E768E-4846-46D1-974A-25E6543D502F}.Debug|Any CPU.ActiveCfg = Debug|Any CPU
		{834E768E-4846-46D1-974A-25E6543D502F}.Debug|Any CPU.Build.0 = Debug|Any CPU
		{834E768E-4846-46D1-974A-25E6543D502F}.Release|Any CPU.ActiveCfg = Release|Any CPU
		{834E768E-4846-46D1-974A-25E6543D502F}.Release|Any CPU.Build.0 = Release|Any CPU
		{A4D55278-7BB3-41E6-9178-5396C2466456}.Debug|Any CPU.ActiveCfg = Debug|Any CPU
		{A4D55278-7BB3-41E6-9178-5396C2466456}.Debug|Any CPU.Build.0 = Debug|Any CPU
		{A4D55278-7BB3-41E6-9178-5396C2466456}.Release|Any CPU.ActiveCfg = Release|Any CPU
		{A4D55278-7BB3-41E6-9178-5396C2466456}.Release|Any CPU.Build.0 = Release|Any CPU
		{497A7185-78B4-4087-A76C-541400CFB3F9}.Debug|Any CPU.ActiveCfg = Debug|Any CPU
		{497A7185-78B4-4087-A76C-541400CFB3F9}.Debug|Any CPU.Build.0 = Debug|Any CPU
		{497A7185-78B4-4087-A76C-541400CFB3F9}.Release|Any CPU.ActiveCfg = Release|Any CPU
		{497A7185-78B4-4087-A76C-541400CFB3F9}.Release|Any CPU.Build.0 = Release|Any CPU
		{613AC5A9-EC7D-479F-8778-81509F63EDF7}.Debug|Any CPU.ActiveCfg = Debug|Any CPU
		{613AC5A9-EC7D-479F-8778-81509F63EDF7}.Debug|Any CPU.Build.0 = Debug|Any CPU
		{613AC5A9-EC7D-479F-8778-81509F63EDF7}.Release|Any CPU.ActiveCfg = Release|Any CPU
		{613AC5A9-EC7D-479F-8778-81509F63EDF7}.Release|Any CPU.Build.0 = Release|Any CPU
	EndGlobalSection
	GlobalSection(SolutionProperties) = preSolution
		HideSolutionNode = FALSE
	EndGlobalSection
	GlobalSection(NestedProjects) = preSolution
		{E243B44B-7BA5-40DD-9F5E-F88A3AF91F41} = {CE11143C-5238-47ED-8E15-AA1A1020C44A}
		{834E768E-4846-46D1-974A-25E6543D502F} = {2C30C8A2-9A6C-4F4B-B09A-E0BDEA972F5E}
		{A4D55278-7BB3-41E6-9178-5396C2466456} = {2C30C8A2-9A6C-4F4B-B09A-E0BDEA972F5E}
		{497A7185-78B4-4087-A76C-541400CFB3F9} = {2C30C8A2-9A6C-4F4B-B09A-E0BDEA972F5E}
		{613AC5A9-EC7D-479F-8778-81509F63EDF7} = {2C30C8A2-9A6C-4F4B-B09A-E0BDEA972F5E}
	EndGlobalSection
	GlobalSection(ExtensibilityGlobals) = postSolution
		SolutionGuid = {62E0C595-0E68-4B15-BF62-4DB9B686C8C4}
	EndGlobalSection
EndGlobal
